
Microsoft Visual Studio Solution File, Format Version 12.00
# Visual Studio Version 17
VisualStudioVersion = 17.13.35818.85
MinimumVisualStudioVersion = 10.0.40219.1
Project("{FAE04EC0-301F-11D3-BF4B-00C04F79EFBC}") = "MuseoMineralogia", "MuseoMineralogia\MuseoMineralogia.csproj", "{E3C6E108-660F-4425-AEFD-0B1BC071FB59}"
EndProject
Global
	GlobalSection(SolutionConfigurationPlatforms) = preSolution
		Debug|Any CPU = Debug|Any CPU
		Release|Any CPU = Release|Any CPU
	EndGlobalSection
	GlobalSection(ProjectConfigurationPlatforms) = postSolution
		{E3C6E108-660F-4425-AEFD-0B1BC071FB59}.Debug|Any CPU.ActiveCfg = Debug|Any CPU
		{E3C6E108-660F-4425-AEFD-0B1BC071FB59}.Debug|Any CPU.Build.0 = Debug|Any CPU
		{E3C6E108-660F-4425-AEFD-0B1BC071FB59}.Release|Any CPU.ActiveCfg = Release|Any CPU
		{E3C6E108-660F-4425-AEFD-0B1BC071FB59}.Release|Any CPU.Build.0 = Release|Any CPU
	EndGlobalSection
	GlobalSection(SolutionProperties) = preSolution
		HideSolutionNode = FALSE
	EndGlobalSection
	GlobalSection(ExtensibilityGlobals) = postSolution
		SolutionGuid = {6A80D832-C44E-4415-A1CD-EB6F1C11FE2D}
	EndGlobalSection
EndGlobal
